
Microsoft Visual Studio Solution File, Format Version 12.00
# Visual Studio Version 17
VisualStudioVersion = 17.14.36301.6 d17.14
MinimumVisualStudioVersion = 10.0.40219.1
Project("{FAE04EC0-301F-11D3-BF4B-00C04F79EFBC}") = "Labb2", "Labb2\Labb2.csproj", "{1DE1E5C3-6064-4CA8-A7E3-F672EC1A0D90}"
EndProject
Global
	GlobalSection(SolutionConfigurationPlatforms) = preSolution
		Debug|Any CPU = Debug|Any CPU
		Release|Any CPU = Release|Any CPU
	EndGlobalSection
	GlobalSection(ProjectConfigurationPlatforms) = postSolution
		{1DE1E5C3-6064-4CA8-A7E3-F672EC1A0D90}.Debug|Any CPU.ActiveCfg = Debug|Any CPU
		{1DE1E5C3-6064-4CA8-A7E3-F672EC1A0D90}.Debug|Any CPU.Build.0 = Debug|Any CPU
		{1DE1E5C3-6064-4CA8-A7E3-F672EC1A0D90}.Release|Any CPU.ActiveCfg = Release|Any CPU
		{1DE1E5C3-6064-4CA8-A7E3-F672EC1A0D90}.Release|Any CPU.Build.0 = Release|Any CPU
	EndGlobalSection
	GlobalSection(SolutionProperties) = preSolution
		HideSolutionNode = FALSE
	EndGlobalSection
	GlobalSection(ExtensibilityGlobals) = postSolution
		SolutionGuid = {9C4C050D-E22A-491D-B030-10E3A22FEFF4}
	EndGlobalSection
EndGlobal
